
Microsoft Visual Studio Solution File, Format Version 12.00
# Visual Studio Version 17
VisualStudioVersion = 17.8.34525.116
MinimumVisualStudioVersion = 10.0.40219.1
Project("{9A19103F-16F7-4668-BE54-9A1E7A4F7556}") = "ShopKnjigaGlavni", "ShopKnjigaGlavni\ShopKnjigaGlavni.csproj", "{52BA5E93-F462-4350-AC0A-D0753B23769F}"
EndProject
Project("{FAE04EC0-301F-11D3-BF4B-00C04F79EFBC}") = "ShopKnjigaGlavni.DataAccess", "ShopKnjigaGlavni.DataAccess\ShopKnjigaGlavni.DataAccess.csproj", "{F874B112-1A6A-4D1B-A477-4050A49B7E2D}"
EndProject
Project("{FAE04EC0-301F-11D3-BF4B-00C04F79EFBC}") = "ShopKnjigaGlavni.Utility", "ShopKnjigaGlavni.Utility\ShopKnjigaGlavni.Utility.csproj", "{0D47E8FB-EDA6-4E36-9DE0-DC8A93D67723}"
EndProject
Project("{FAE04EC0-301F-11D3-BF4B-00C04F79EFBC}") = "ShopKnjigaGlavni.Models", "ShopKnjigaGlavni.Models\ShopKnjigaGlavni.Models.csproj", "{F3C35C0F-2FF1-4B2A-A8C7-A2E6832E98CD}"
EndProject
Global
	GlobalSection(SolutionConfigurationPlatforms) = preSolution
		Debug|Any CPU = Debug|Any CPU
		Release|Any CPU = Release|Any CPU
	EndGlobalSection
	GlobalSection(ProjectConfigurationPlatforms) = postSolution
		{52BA5E93-F462-4350-AC0A-D0753B23769F}.Debug|Any CPU.ActiveCfg = Debug|Any CPU
		{52BA5E93-F462-4350-AC0A-D0753B23769F}.Debug|Any CPU.Build.0 = Debug|Any CPU
		{52BA5E93-F462-4350-AC0A-D0753B23769F}.Release|Any CPU.ActiveCfg = Release|Any CPU
		{52BA5E93-F462-4350-AC0A-D0753B23769F}.Release|Any CPU.Build.0 = Release|Any CPU
		{F874B112-1A6A-4D1B-A477-4050A49B7E2D}.Debug|Any CPU.ActiveCfg = Debug|Any CPU
		{F874B112-1A6A-4D1B-A477-4050A49B7E2D}.Debug|Any CPU.Build.0 = Debug|Any CPU
		{F874B112-1A6A-4D1B-A477-4050A49B7E2D}.Release|Any CPU.ActiveCfg = Release|Any CPU
		{F874B112-1A6A-4D1B-A477-4050A49B7E2D}.Release|Any CPU.Build.0 = Release|Any CPU
		{0D47E8FB-EDA6-4E36-9DE0-DC8A93D67723}.Debug|Any CPU.ActiveCfg = Debug|Any CPU
		{0D47E8FB-EDA6-4E36-9DE0-DC8A93D67723}.Debug|Any CPU.Build.0 = Debug|Any CPU
		{0D47E8FB-EDA6-4E36-9DE0-DC8A93D67723}.Release|Any CPU.ActiveCfg = Release|Any CPU
		{0D47E8FB-EDA6-4E36-9DE0-DC8A93D67723}.Release|Any CPU.Build.0 = Release|Any CPU
		{F3C35C0F-2FF1-4B2A-A8C7-A2E6832E98CD}.Debug|Any CPU.ActiveCfg = Debug|Any CPU
		{F3C35C0F-2FF1-4B2A-A8C7-A2E6832E98CD}.Debug|Any CPU.Build.0 = Debug|Any CPU
		{F3C35C0F-2FF1-4B2A-A8C7-A2E6832E98CD}.Release|Any CPU.ActiveCfg = Release|Any CPU
		{F3C35C0F-2FF1-4B2A-A8C7-A2E6832E98CD}.Release|Any CPU.Build.0 = Release|Any CPU
	EndGlobalSection
	GlobalSection(SolutionProperties) = preSolution
		HideSolutionNode = FALSE
	EndGlobalSection
	GlobalSection(ExtensibilityGlobals) = postSolution
		SolutionGuid = {20D42A69-CCED-4C14-8809-C5036BF50D10}
	EndGlobalSection
EndGlobal
